
Microsoft Visual Studio Solution File, Format Version 12.00
# Visual Studio Version 17
VisualStudioVersion = 17.3.32901.215
MinimumVisualStudioVersion = 10.0.40219.1
Project("{2150E333-8FDC-42A3-9474-1A3956D46DE8}") = "src", "src", "{4EB33671-E672-4E50-A611-EDF6F9074479}"
EndProject
Project("{9A19103F-16F7-4668-BE54-9A1E7A4F7556}") = "GithubDeployment.Api", "src\GithubDeployment.Api\GithubDeployment.Api.csproj", "{465FF358-DBAB-490E-87EB-6A8DAD4A4EA4}"
EndProject
Project("{2150E333-8FDC-42A3-9474-1A3956D46DE8}") = "tests", "tests", "{EC3A4E2C-AC08-48AB-A5DF-18C68FA1976C}"
EndProject
Project("{FAE04EC0-301F-11D3-BF4B-00C04F79EFBC}") = "GithubDeployment.Api.Tests", "tests\GithubDeployment.Api.Tests\GithubDeployment.Api.Tests.csproj", "{9E6C3FB0-883A-4AF3-BFC4-F8741850CF4C}"
EndProject
Global
	GlobalSection(SolutionConfigurationPlatforms) = preSolution
		Debug|Any CPU = Debug|Any CPU
		Release|Any CPU = Release|Any CPU
	EndGlobalSection
	GlobalSection(ProjectConfigurationPlatforms) = postSolution
		{465FF358-DBAB-490E-87EB-6A8DAD4A4EA4}.Debug|Any CPU.ActiveCfg = Debug|Any CPU
		{465FF358-DBAB-490E-87EB-6A8DAD4A4EA4}.Debug|Any CPU.Build.0 = Debug|Any CPU
		{465FF358-DBAB-490E-87EB-6A8DAD4A4EA4}.Release|Any CPU.ActiveCfg = Release|Any CPU
		{465FF358-DBAB-490E-87EB-6A8DAD4A4EA4}.Release|Any CPU.Build.0 = Release|Any CPU
		{9E6C3FB0-883A-4AF3-BFC4-F8741850CF4C}.Debug|Any CPU.ActiveCfg = Debug|Any CPU
		{9E6C3FB0-883A-4AF3-BFC4-F8741850CF4C}.Debug|Any CPU.Build.0 = Debug|Any CPU
		{9E6C3FB0-883A-4AF3-BFC4-F8741850CF4C}.Release|Any CPU.ActiveCfg = Release|Any CPU
		{9E6C3FB0-883A-4AF3-BFC4-F8741850CF4C}.Release|Any CPU.Build.0 = Release|Any CPU
	EndGlobalSection
	GlobalSection(SolutionProperties) = preSolution
		HideSolutionNode = FALSE
	EndGlobalSection
	GlobalSection(NestedProjects) = preSolution
		{465FF358-DBAB-490E-87EB-6A8DAD4A4EA4} = {4EB33671-E672-4E50-A611-EDF6F9074479}
		{9E6C3FB0-883A-4AF3-BFC4-F8741850CF4C} = {EC3A4E2C-AC08-48AB-A5DF-18C68FA1976C}
	EndGlobalSection
	GlobalSection(ExtensibilityGlobals) = postSolution
		SolutionGuid = {0AF17B8B-37DD-4443-8714-180368B283D5}
	EndGlobalSection
EndGlobal
